
Microsoft Visual Studio Solution File, Format Version 12.00
# Visual Studio Version 17
VisualStudioVersion = 17.12.35527.113
MinimumVisualStudioVersion = 10.0.40219.1
Project("{FAE04EC0-301F-11D3-BF4B-00C04F79EFBC}") = "PidrobitOK.AuthService", "PidrobitOK.AuthService.csproj", "{B432691A-8E37-4F38-9648-7F04965CCB76}"
EndProject
Project("{FAE04EC0-301F-11D3-BF4B-00C04F79EFBC}") = "PidrobitOK.AuthService_Test", "..\PidrobitOK.Auth_Test\PidrobitOK.AuthService_Test.csproj", "{C3B0089D-58A4-4B4F-ABCD-7C27BACCE92E}"
EndProject
Global
	GlobalSection(SolutionConfigurationPlatforms) = preSolution
		Debug|Any CPU = Debug|Any CPU
		Release|Any CPU = Release|Any CPU
	EndGlobalSection
	GlobalSection(ProjectConfigurationPlatforms) = postSolution
		{B432691A-8E37-4F38-9648-7F04965CCB76}.Debug|Any CPU.ActiveCfg = Debug|Any CPU
		{B432691A-8E37-4F38-9648-7F04965CCB76}.Debug|Any CPU.Build.0 = Debug|Any CPU
		{B432691A-8E37-4F38-9648-7F04965CCB76}.Release|Any CPU.ActiveCfg = Release|Any CPU
		{B432691A-8E37-4F38-9648-7F04965CCB76}.Release|Any CPU.Build.0 = Release|Any CPU
		{C3B0089D-58A4-4B4F-ABCD-7C27BACCE92E}.Debug|Any CPU.ActiveCfg = Debug|Any CPU
		{C3B0089D-58A4-4B4F-ABCD-7C27BACCE92E}.Debug|Any CPU.Build.0 = Debug|Any CPU
		{C3B0089D-58A4-4B4F-ABCD-7C27BACCE92E}.Release|Any CPU.ActiveCfg = Release|Any CPU
		{C3B0089D-58A4-4B4F-ABCD-7C27BACCE92E}.Release|Any CPU.Build.0 = Release|Any CPU
	EndGlobalSection
	GlobalSection(SolutionProperties) = preSolution
		HideSolutionNode = FALSE
	EndGlobalSection
EndGlobal
